
Microsoft Visual Studio Solution File, Format Version 12.00
# Visual Studio 15
VisualStudioVersion = 15.0.28307.572
MinimumVisualStudioVersion = 10.0.40219.1
Project("{FAE04EC0-301F-11D3-BF4B-00C04F79EFBC}") = "taxKataScTest", "taxKataScTest\taxKataScTest.csproj", "{2477DD61-EFE8-4DC1-8431-54055E8F845D}"
EndProject
Global
	GlobalSection(SolutionConfigurationPlatforms) = preSolution
		Debug|Any CPU = Debug|Any CPU
		Release|Any CPU = Release|Any CPU
	EndGlobalSection
	GlobalSection(ProjectConfigurationPlatforms) = postSolution
		{2477DD61-EFE8-4DC1-8431-54055E8F845D}.Debug|Any CPU.ActiveCfg = Debug|Any CPU
		{2477DD61-EFE8-4DC1-8431-54055E8F845D}.Debug|Any CPU.Build.0 = Debug|Any CPU
		{2477DD61-EFE8-4DC1-8431-54055E8F845D}.Release|Any CPU.ActiveCfg = Release|Any CPU
		{2477DD61-EFE8-4DC1-8431-54055E8F845D}.Release|Any CPU.Build.0 = Release|Any CPU
	EndGlobalSection
	GlobalSection(SolutionProperties) = preSolution
		HideSolutionNode = FALSE
	EndGlobalSection
	GlobalSection(ExtensibilityGlobals) = postSolution
		SolutionGuid = {78772C19-4E1F-42C7-8ED8-0E701DBB8AF1}
	EndGlobalSection
EndGlobal
